
Microsoft Visual Studio Solution File, Format Version 12.00
# Visual Studio Version 17
VisualStudioVersion = 17.12.35728.132 d17.12
MinimumVisualStudioVersion = 10.0.40219.1
Project("{FAE04EC0-301F-11D3-BF4B-00C04F79EFBC}") = "AeropuertoConlara", "AeropuertoConlara.csproj", "{87F4EB15-9720-45A8-8B51-33E894B1668C}"
EndProject
Global
	GlobalSection(SolutionConfigurationPlatforms) = preSolution
		Debug|Any CPU = Debug|Any CPU
		Release|Any CPU = Release|Any CPU
	EndGlobalSection
	GlobalSection(ProjectConfigurationPlatforms) = postSolution
		{87F4EB15-9720-45A8-8B51-33E894B1668C}.Debug|Any CPU.ActiveCfg = Debug|Any CPU
		{87F4EB15-9720-45A8-8B51-33E894B1668C}.Debug|Any CPU.Build.0 = Debug|Any CPU
		{87F4EB15-9720-45A8-8B51-33E894B1668C}.Release|Any CPU.ActiveCfg = Release|Any CPU
		{87F4EB15-9720-45A8-8B51-33E894B1668C}.Release|Any CPU.Build.0 = Release|Any CPU
	EndGlobalSection
	GlobalSection(SolutionProperties) = preSolution
		HideSolutionNode = FALSE
	EndGlobalSection
EndGlobal
